
Microsoft Visual Studio Solution File, Format Version 12.00
# Visual Studio Version 17
VisualStudioVersion = 17.9.34728.123
MinimumVisualStudioVersion = 10.0.40219.1
Project("{FAE04EC0-301F-11D3-BF4B-00C04F79EFBC}") = "WinFormsApp1", "WinFormsApp1\WinFormsApp1.csproj", "{AD06FE94-4199-48F7-BB3D-497BE3322549}"
EndProject
Global
	GlobalSection(SolutionConfigurationPlatforms) = preSolution
		Debug|Any CPU = Debug|Any CPU
		Release|Any CPU = Release|Any CPU
	EndGlobalSection
	GlobalSection(ProjectConfigurationPlatforms) = postSolution
		{AD06FE94-4199-48F7-BB3D-497BE3322549}.Debug|Any CPU.ActiveCfg = Debug|Any CPU
		{AD06FE94-4199-48F7-BB3D-497BE3322549}.Debug|Any CPU.Build.0 = Debug|Any CPU
		{AD06FE94-4199-48F7-BB3D-497BE3322549}.Release|Any CPU.ActiveCfg = Release|Any CPU
		{AD06FE94-4199-48F7-BB3D-497BE3322549}.Release|Any CPU.Build.0 = Release|Any CPU
	EndGlobalSection
	GlobalSection(SolutionProperties) = preSolution
		HideSolutionNode = FALSE
	EndGlobalSection
	GlobalSection(ExtensibilityGlobals) = postSolution
		SolutionGuid = {4EC49526-3709-4188-AED9-DF8EF0471764}
	EndGlobalSection
EndGlobal
